{
  "name": "@cfpreview/pages-plugins-stytch",
  "version": "0.1.0",
  "lockfileVersion": 2,
  "requires": true,
  "packages": {
    "": {
      "name": "@cfpreview/pages-plugins-stytch",
      "version": "0.1.0",
      "dependencies": {
        "@stytch/stytch-js": "^3.1.2"
      }
    },
    "node_modules/@stytch/stytch-js": {
      "version": "3.1.2",
      "resolved": "https://registry.npmjs.org/@stytch/stytch-js/-/stytch-js-3.1.2.tgz",
      "integrity": "sha512-FywIBut0HtLzTQFXYdGhD0e9bPyxAG/8OAPVPsIlINYWjUwSHZjmgQR8KyZhOg7h4RstgYXSMJVRhvK8PjEdew=="
    }
  },
  "dependencies": {
    "@stytch/stytch-js": {
      "version": "3.1.2",
      "resolved": "https://registry.npmjs.org/@stytch/stytch-js/-/stytch-js-3.1.2.tgz",
      "integrity": "sha512-FywIBut0HtLzTQFXYdGhD0e9bPyxAG/8OAPVPsIlINYWjUwSHZjmgQR8KyZhOg7h4RstgYXSMJVRhvK8PjEdew=="
    }
  }
}
